
Microsoft Visual Studio Solution File, Format Version 10.00
# Visual Studio 2008
Project("{E24C65DC-7377-472B-9ABA-BC803B73C61A}") = "GiS", "..\..\WebSites\GiS\", "{AF775C90-B1FA-48DA-B39A-6C2EEBF7577A}"
	ProjectSection(WebsiteProperties) = preProject
		TargetFramework = "3.5"
		Debug.AspNetCompiler.VirtualPath = "/GiS"
		Debug.AspNetCompiler.PhysicalPath = "..\..\WebSites\GiS\"
		Debug.AspNetCompiler.TargetPath = "PrecompiledWeb\GiS\"
		Debug.AspNetCompiler.Updateable = "true"
		Debug.AspNetCompiler.ForceOverwrite = "true"
		Debug.AspNetCompiler.FixedNames = "false"
		Debug.AspNetCompiler.Debug = "True"
		Release.AspNetCompiler.VirtualPath = "/GiS"
		Release.AspNetCompiler.PhysicalPath = "..\..\WebSites\GiS\"
		Release.AspNetCompiler.TargetPath = "PrecompiledWeb\GiS\"
		Release.AspNetCompiler.Updateable = "true"
		Release.AspNetCompiler.ForceOverwrite = "true"
		Release.AspNetCompiler.FixedNames = "false"
		Release.AspNetCompiler.Debug = "False"
		VWDPort = "61435"
		DefaultWebSiteLanguage = "Visual C#"
	EndProjectSection
EndProject
Global
	GlobalSection(SolutionConfigurationPlatforms) = preSolution
		Debug|Any CPU = Debug|Any CPU
	EndGlobalSection
	GlobalSection(ProjectConfigurationPlatforms) = postSolution
		{AF775C90-B1FA-48DA-B39A-6C2EEBF7577A}.Debug|Any CPU.ActiveCfg = Debug|Any CPU
		{AF775C90-B1FA-48DA-B39A-6C2EEBF7577A}.Debug|Any CPU.Build.0 = Debug|Any CPU
	EndGlobalSection
	GlobalSection(SolutionProperties) = preSolution
		HideSolutionNode = FALSE
	EndGlobalSection
EndGlobal
